# eget.lock: the exact release asset the installer downloads for each eget.toml
# tool and architecture. Generated by `python3 tests/eget-selection.py
# --refresh`; do not edit. Columns (tab-separated): repo, tag, arch, asset,
# sha256, file (the archive member to extract; - for a bare binary).
ajeetdsouza/zoxide	v0.9.9	aarch64	zoxide-0.9.9-aarch64-unknown-linux-musl.tar.gz	96e6ea2e47a71db42cb7ad5a36e9209c8cb3708f8ae00f6945573d0d93315cb0	zoxide
ajeetdsouza/zoxide	v0.9.9	x86_64	zoxide-0.9.9-x86_64-unknown-linux-musl.tar.gz	4ff057d3c4d957946937274c2b8be7af2a9bbae7f90a1b5e9baaa7cb65a20caa	zoxide
aristocratos/btop	v1.4.6	aarch64	btop-aarch64-unknown-linux-musl.tbz	7902578c0439332573148caf6b3515df2b158d163baeeff046028e428ec3295a	./btop/bin/btop
aristocratos/btop	v1.4.6	x86_64	btop-x86_64-unknown-linux-musl.tbz	9bf7ed170423bb3709a8020767bd2ca529c5632af478f229dce7cdfd32b25691	./btop/bin/btop
astral-sh/uv	0.10.0	aarch64	uv-aarch64-unknown-linux-gnu.tar.gz	c300afd5f2d31df039fe6a26a2d68a76b62832098c272a43e1e74ab9efd4fbd7	uv-aarch64-unknown-linux-gnu/uv
astral-sh/uv	0.10.0	x86_64	uv-x86_64-unknown-linux-gnu.tar.gz	230e328948c92dd1ebad83949c4d56e83813dfe9c6362a4c519e6a227973f1ae	uv-x86_64-unknown-linux-gnu/uv
BurntSushi/ripgrep	15.2.0	aarch64	ripgrep-15.2.0-aarch64-unknown-linux-musl.tar.gz	800b1e7206afe799dfb5a6901f23147cfaabe0e52210538100f61e86e1740915	ripgrep-15.2.0-aarch64-unknown-linux-musl/rg
BurntSushi/ripgrep	15.2.0	x86_64	ripgrep-15.2.0-x86_64-unknown-linux-musl.tar.gz	33e15bcf1624b25cdd2a55813a47a2f95dbe126268203e76aa6a585d1e7b149c	ripgrep-15.2.0-x86_64-unknown-linux-musl/rg
charmbracelet/glow	v2.1.1	aarch64	glow_2.1.1_Linux_arm64.tar.gz	ab12a703cc6efd06caf24860344a2e8bc2518055fdd986f98eb761c47917ef3d	glow_2.1.1_Linux_arm64/glow
charmbracelet/glow	v2.1.1	x86_64	glow_2.1.1_Linux_x86_64.tar.gz	59106b08be69b2a0bda1178327bbb7accd584e7c113ba3d2f5ef6e48ff3ac27f	glow_2.1.1_Linux_x86_64/glow
chmln/sd	v1.1.0	aarch64	sd-v1.1.0-aarch64-unknown-linux-musl.tar.gz	ec8c93c0533ff21f4851d11566808d4082544baf063d9b96ea77c27e98b7cd99	sd-v1.1.0-aarch64-unknown-linux-musl/sd
chmln/sd	v1.1.0	x86_64	sd-v1.1.0-x86_64-unknown-linux-musl.tar.gz	02f00f4777d43e8e95b7b8d49e1a0d6e502fed4b8e79c1c8b8063857a30caa2e	sd-v1.1.0-x86_64-unknown-linux-musl/sd
cli/cli	v2.100.0	aarch64	gh_2.100.0_linux_arm64.tar.gz	ea4e7a581a32ccad6cc7923cb1576ac5859ba4b9a16ab22eb8f8a96e78e2e961	gh_2.100.0_linux_arm64/bin/gh
cli/cli	v2.100.0	x86_64	gh_2.100.0_linux_amd64.tar.gz	e4d4bb4498e8d007abe545b6568926793ace1b6447da598294a610018cb164be	gh_2.100.0_linux_amd64/bin/gh
dandavison/delta	0.18.2	aarch64	delta-0.18.2-aarch64-unknown-linux-gnu.tar.gz	adf7674086daa4582f598f74ce9caa6b70c1ba8f4a57d2911499b37826b014f9	delta-0.18.2-aarch64-unknown-linux-gnu/delta
dandavison/delta	0.18.2	x86_64	delta-0.18.2-x86_64-unknown-linux-gnu.tar.gz	99607c43238e11a77fe90a914d8c2d64961aff84b60b8186c1b5691b39955b0f	delta-0.18.2-x86_64-unknown-linux-gnu/delta
direnv/direnv	v2.37.1	aarch64	direnv.linux-arm64	2a9cef8d73521d6a3ec3f2871c4b747b8c4cc038628c1b57a7efa42b393a2d82	-
direnv/direnv	v2.37.1	x86_64	direnv.linux-amd64	1f1b93dd6f38523fde26dfac96151ef9d31a374e3005cd3345fb93555ae0c9b5	-
dundee/gdu	v5.36.1	aarch64	gdu_linux_arm64.tgz	16acd309018732aa9b87380af22f94dbabbec91c728fa33cc2cc9057fa57fe56	gdu_linux_arm64
dundee/gdu	v5.36.1	x86_64	gdu_linux_amd64.tgz	9470aab2b3a3ccae42a75d199937c70663ff1033ce24e8cffd85bf68f72b98ba	gdu_linux_amd64
eza-community/eza	v0.23.4	aarch64	eza_aarch64-unknown-linux-gnu.tar.gz	366e8430225f9955c3dc659b452150c169894833ccfef455e01765e265a3edda	./eza
eza-community/eza	v0.23.4	x86_64	eza_x86_64-unknown-linux-gnu.tar.gz	0c38665440226cd8bef5d1d4f3bc6ff77c927fb0d68b752739105db7ab5b358d	./eza
jesseduffield/lazygit	v0.59.0	aarch64	lazygit_0.59.0_linux_arm64.tar.gz	a334a6c125169f21942f1a8b02043932575547a6250a1a734d62111efd92aa8f	lazygit
jesseduffield/lazygit	v0.59.0	x86_64	lazygit_0.59.0_linux_x86_64.tar.gz	264283f40a40c899d702a338b20622f690221f753f03bac827c1f34e91f516c2	lazygit
jqlang/jq	jq-1.8.1	aarch64	jq-linux-arm64	6bc62f25981328edd3cfcfe6fe51b073f2d7e7710d7ef7fcdac28d4e384fc3d4	-
jqlang/jq	jq-1.8.1	x86_64	jq-linux-amd64	020468de7539ce70ef1bceaf7cde2e8c4f2ca6c3afb84642aabc5c97d9fc2a0d	-
junegunn/fzf	v0.67.0	aarch64	fzf-0.67.0-linux_arm64.tar.gz	7071f48c2ac0f2bc992d6d33cc36fd675a579a98cc976dda699eea07dd5e9c58	fzf
junegunn/fzf	v0.67.0	x86_64	fzf-0.67.0-linux_amd64.tar.gz	4be08018ca37b32518c608741933ea335a406de3558242b60619e98f25be2be1	fzf
koalaman/shellcheck	v0.11.0	aarch64	shellcheck-v0.11.0.linux.aarch64.tar.xz	12b331c1d2db6b9eb13cfca64306b1b157a86eb69db83023e261eaa7e7c14588	shellcheck-v0.11.0/shellcheck
koalaman/shellcheck	v0.11.0	x86_64	shellcheck-v0.11.0.linux.x86_64.tar.xz	8c3be12b05d5c177a04c29e3c78ce89ac86f1595681cab149b65b97c4e227198	shellcheck-v0.11.0/shellcheck
mame/wsl2-ssh-agent	v0.9.7	aarch64	wsl2-ssh-agent-arm64	e9cb0347a72ca68a511e48779080b80a22af1bf670e5a52c9f35f95951ce5221	-
mame/wsl2-ssh-agent	v0.9.7	x86_64	wsl2-ssh-agent	281c64f6079598de1a455292d533f3ae21837980a3d3012074bc14ad695325d8	-
sharkdp/bat	v0.26.1	aarch64	bat-v0.26.1-aarch64-unknown-linux-gnu.tar.gz	422eb73e11c854fddd99f5ca8461c2f1d6e6dce0a2a8c3d5daade5ffcb6564aa	bat-v0.26.1-aarch64-unknown-linux-gnu/bat
sharkdp/bat	v0.26.1	x86_64	bat-v0.26.1-x86_64-unknown-linux-gnu.tar.gz	726f04c8f576a7fd18b7634f1bbf2f915c43494c1c0f013baa3287edb0d5a2a3	bat-v0.26.1-x86_64-unknown-linux-gnu/bat
sharkdp/fd	v10.4.2	aarch64	fd-v10.4.2-aarch64-unknown-linux-gnu.tar.gz	6c51f7c5446b3338b1e401ff15dc194c590bb2fa64fd43ff3278300f073adec5	fd-v10.4.2-aarch64-unknown-linux-gnu/fd
sharkdp/fd	v10.4.2	x86_64	fd-v10.4.2-x86_64-unknown-linux-gnu.tar.gz	def59805cd14b5651b68990855f426ad087f3b96881296d963910431ba3143c8	fd-v10.4.2-x86_64-unknown-linux-gnu/fd
starship/starship	v1.24.2	aarch64	starship-aarch64-unknown-linux-musl.tar.gz	56b9ff412bbf374d29b99e5ac09a849124cb37a0a13121e8470df32de53c1ea6	starship
starship/starship	v1.24.2	x86_64	starship-x86_64-unknown-linux-musl.tar.gz	00ff3c1f8ffb59b5c15d4b44c076bcca04d92cf0055c86b916248c14f3ae714a	starship
